{
  "nodes": {
    "nixpkgs": {
      "locked": {
        "lastModified": 1766764975,
        "narHash": "sha256-eDwuU2HwKwdXCCxV7i84uD0EFl/JIFfaGf73BhELUgg=",
        "owner": "NixOS",
        "repo": "nixpkgs",
        "rev": "cb48717c767376d77c490b2d67f2a6a845deb714",
        "type": "github"
      },
      "original": {
        "owner": "nixos",
        "ref": "nixos-unstable",
        "repo": "nixpkgs",
        "type": "github"
      }
    },
    "root": {
      "inputs": {
        "nixpkgs": "nixpkgs"
      }
    }
  },
  "root": "root",
  "version": 7
}
